
Microsoft Visual Studio Solution File, Format Version 12.00
# Visual Studio Version 17
VisualStudioVersion = 17.0.31903.59
MinimumVisualStudioVersion = 10.0.40219.1
Project("{FAE04EC0-301F-11D3-BF4B-00C04F79EFBC}") = "API", "API\API.csproj", "{DAA349DC-B643-4A75-B26A-8C456EA5E56C}"
EndProject
Project("{FAE04EC0-301F-11D3-BF4B-00C04F79EFBC}") = "Core", "Core\Core.csproj", "{21B5A7F1-7657-4E62-85E0-94AACD2F049D}"
EndProject
Project("{FAE04EC0-301F-11D3-BF4B-00C04F79EFBC}") = "Infrastructure", "Infrastructure\Infrastructure.csproj", "{64FA1D39-2BC1-4AF6-867B-ABEA6C198483}"
EndProject
Global
	GlobalSection(SolutionConfigurationPlatforms) = preSolution
		Debug|Any CPU = Debug|Any CPU
		Release|Any CPU = Release|Any CPU
	EndGlobalSection
	GlobalSection(SolutionProperties) = preSolution
		HideSolutionNode = FALSE
	EndGlobalSection
	GlobalSection(ProjectConfigurationPlatforms) = postSolution
		{DAA349DC-B643-4A75-B26A-8C456EA5E56C}.Debug|Any CPU.ActiveCfg = Debug|Any CPU
		{DAA349DC-B643-4A75-B26A-8C456EA5E56C}.Debug|Any CPU.Build.0 = Debug|Any CPU
		{DAA349DC-B643-4A75-B26A-8C456EA5E56C}.Release|Any CPU.ActiveCfg = Release|Any CPU
		{DAA349DC-B643-4A75-B26A-8C456EA5E56C}.Release|Any CPU.Build.0 = Release|Any CPU
		{21B5A7F1-7657-4E62-85E0-94AACD2F049D}.Debug|Any CPU.ActiveCfg = Debug|Any CPU
		{21B5A7F1-7657-4E62-85E0-94AACD2F049D}.Debug|Any CPU.Build.0 = Debug|Any CPU
		{21B5A7F1-7657-4E62-85E0-94AACD2F049D}.Release|Any CPU.ActiveCfg = Release|Any CPU
		{21B5A7F1-7657-4E62-85E0-94AACD2F049D}.Release|Any CPU.Build.0 = Release|Any CPU
		{64FA1D39-2BC1-4AF6-867B-ABEA6C198483}.Debug|Any CPU.ActiveCfg = Debug|Any CPU
		{64FA1D39-2BC1-4AF6-867B-ABEA6C198483}.Debug|Any CPU.Build.0 = Debug|Any CPU
		{64FA1D39-2BC1-4AF6-867B-ABEA6C198483}.Release|Any CPU.ActiveCfg = Release|Any CPU
		{64FA1D39-2BC1-4AF6-867B-ABEA6C198483}.Release|Any CPU.Build.0 = Release|Any CPU
	EndGlobalSection
EndGlobal
